
Microsoft Visual Studio Solution File, Format Version 12.00
# Visual Studio Version 17
VisualStudioVersion = 17.13.35931.197 d17.13
MinimumVisualStudioVersion = 10.0.40219.1
Project("{FAE04EC0-301F-11D3-BF4B-00C04F79EFBC}") = "RuntimeStuff", "RuntimeStuff\RuntimeStuff.csproj", "{6CAE7044-A3DC-44BD-BD33-23C9F8869C6E}"
EndProject
Project("{FAE04EC0-301F-11D3-BF4B-00C04F79EFBC}") = "RuntimeStuff.MSTests", "Tests\RuntimeStuff.Tests\RuntimeStuff.MSTests.csproj", "{FD073E6C-839D-4DC5-9F9D-DE81C869356E}"
EndProject
Project("{FAE04EC0-301F-11D3-BF4B-00C04F79EFBC}") = "QuickDialogs.Core", "QuickDialogs\QuickDialogs.Core.csproj", "{5EBE935C-CFFA-4C5B-A085-24A30E955A5F}"
EndProject
Project("{FAE04EC0-301F-11D3-BF4B-00C04F79EFBC}") = "QuickDialogs.WinForms.NET", "QuickDialogs.WinForms.NET\QuickDialogs.WinForms.NET.csproj", "{82C5E599-F4E7-49C3-B2CB-660400251A56}"
EndProject
Project("{2150E333-8FDC-42A3-9474-1A3956D46DE8}") = "Tests", "Tests", "{AEE86BE6-8DAE-4A4D-9043-AC60D724A0E5}"
EndProject
Project("{FAE04EC0-301F-11D3-BF4B-00C04F79EFBC}") = "TestApp.Framework", "TestApp.Framework\TestApp.Framework.csproj", "{A1A2182B-0676-4204-939D-806BAF4E988C}"
EndProject
Project("{FAE04EC0-301F-11D3-BF4B-00C04F79EFBC}") = "TestApp.WinForms.NET", "TestApp.WinForms.NET\TestApp.WinForms.NET.csproj", "{4B39D6DB-B9F3-4091-8E36-1B9B2C32690B}"
EndProject
Project("{2150E333-8FDC-42A3-9474-1A3956D46DE8}") = "UI", "UI", "{02EA681E-C7D8-13C7-8484-4AC65E1B71E8}"
EndProject
Project("{2150E333-8FDC-42A3-9474-1A3956D46DE8}") = "QuickDialogs", "QuickDialogs", "{A6BDEB16-2B5B-441A-AAFF-2A631DD16FCB}"
EndProject
Project("{2150E333-8FDC-42A3-9474-1A3956D46DE8}") = "Extensions", "Extensions", "{2FAFE8A3-3F27-42A8-8092-25955480DA71}"
EndProject
Project("{FAE04EC0-301F-11D3-BF4B-00C04F79EFBC}") = "RuntimeStuff.UI.Core", "RuntimeStuff.UI.Core\RuntimeStuff.UI.Core.csproj", "{4D8A7A96-0BBD-4F7D-8EE2-0AD2A9E3B27E}"
EndProject
Global
	GlobalSection(SolutionConfigurationPlatforms) = preSolution
		Debug|Any CPU = Debug|Any CPU
		Release|Any CPU = Release|Any CPU
	EndGlobalSection
	GlobalSection(ProjectConfigurationPlatforms) = postSolution
		{6CAE7044-A3DC-44BD-BD33-23C9F8869C6E}.Debug|Any CPU.ActiveCfg = Debug|Any CPU
		{6CAE7044-A3DC-44BD-BD33-23C9F8869C6E}.Debug|Any CPU.Build.0 = Debug|Any CPU
		{6CAE7044-A3DC-44BD-BD33-23C9F8869C6E}.Release|Any CPU.ActiveCfg = Release|Any CPU
		{6CAE7044-A3DC-44BD-BD33-23C9F8869C6E}.Release|Any CPU.Build.0 = Release|Any CPU
		{FD073E6C-839D-4DC5-9F9D-DE81C869356E}.Debug|Any CPU.ActiveCfg = Debug|Any CPU
		{FD073E6C-839D-4DC5-9F9D-DE81C869356E}.Debug|Any CPU.Build.0 = Debug|Any CPU
		{FD073E6C-839D-4DC5-9F9D-DE81C869356E}.Release|Any CPU.ActiveCfg = Release|Any CPU
		{FD073E6C-839D-4DC5-9F9D-DE81C869356E}.Release|Any CPU.Build.0 = Release|Any CPU
		{5EBE935C-CFFA-4C5B-A085-24A30E955A5F}.Debug|Any CPU.ActiveCfg = Debug|Any CPU
		{5EBE935C-CFFA-4C5B-A085-24A30E955A5F}.Debug|Any CPU.Build.0 = Debug|Any CPU
		{5EBE935C-CFFA-4C5B-A085-24A30E955A5F}.Release|Any CPU.ActiveCfg = Release|Any CPU
		{5EBE935C-CFFA-4C5B-A085-24A30E955A5F}.Release|Any CPU.Build.0 = Release|Any CPU
		{82C5E599-F4E7-49C3-B2CB-660400251A56}.Debug|Any CPU.ActiveCfg = Debug|Any CPU
		{82C5E599-F4E7-49C3-B2CB-660400251A56}.Debug|Any CPU.Build.0 = Debug|Any CPU
		{82C5E599-F4E7-49C3-B2CB-660400251A56}.Release|Any CPU.ActiveCfg = Release|Any CPU
		{82C5E599-F4E7-49C3-B2CB-660400251A56}.Release|Any CPU.Build.0 = Release|Any CPU
		{A1A2182B-0676-4204-939D-806BAF4E988C}.Debug|Any CPU.ActiveCfg = Debug|Any CPU
		{A1A2182B-0676-4204-939D-806BAF4E988C}.Debug|Any CPU.Build.0 = Debug|Any CPU
		{A1A2182B-0676-4204-939D-806BAF4E988C}.Release|Any CPU.ActiveCfg = Release|Any CPU
		{A1A2182B-0676-4204-939D-806BAF4E988C}.Release|Any CPU.Build.0 = Release|Any CPU
		{4B39D6DB-B9F3-4091-8E36-1B9B2C32690B}.Debug|Any CPU.ActiveCfg = Debug|Any CPU
		{4B39D6DB-B9F3-4091-8E36-1B9B2C32690B}.Debug|Any CPU.Build.0 = Debug|Any CPU
		{4B39D6DB-B9F3-4091-8E36-1B9B2C32690B}.Release|Any CPU.ActiveCfg = Release|Any CPU
		{4B39D6DB-B9F3-4091-8E36-1B9B2C32690B}.Release|Any CPU.Build.0 = Release|Any CPU
		{4D8A7A96-0BBD-4F7D-8EE2-0AD2A9E3B27E}.Debug|Any CPU.ActiveCfg = Debug|Any CPU
		{4D8A7A96-0BBD-4F7D-8EE2-0AD2A9E3B27E}.Debug|Any CPU.Build.0 = Debug|Any CPU
		{4D8A7A96-0BBD-4F7D-8EE2-0AD2A9E3B27E}.Release|Any CPU.ActiveCfg = Release|Any CPU
		{4D8A7A96-0BBD-4F7D-8EE2-0AD2A9E3B27E}.Release|Any CPU.Build.0 = Release|Any CPU
	EndGlobalSection
	GlobalSection(SolutionProperties) = preSolution
		HideSolutionNode = FALSE
	EndGlobalSection
	GlobalSection(NestedProjects) = preSolution
		{FD073E6C-839D-4DC5-9F9D-DE81C869356E} = {AEE86BE6-8DAE-4A4D-9043-AC60D724A0E5}
		{5EBE935C-CFFA-4C5B-A085-24A30E955A5F} = {A6BDEB16-2B5B-441A-AAFF-2A631DD16FCB}
		{82C5E599-F4E7-49C3-B2CB-660400251A56} = {A6BDEB16-2B5B-441A-AAFF-2A631DD16FCB}
		{A1A2182B-0676-4204-939D-806BAF4E988C} = {AEE86BE6-8DAE-4A4D-9043-AC60D724A0E5}
		{4B39D6DB-B9F3-4091-8E36-1B9B2C32690B} = {AEE86BE6-8DAE-4A4D-9043-AC60D724A0E5}
		{A6BDEB16-2B5B-441A-AAFF-2A631DD16FCB} = {02EA681E-C7D8-13C7-8484-4AC65E1B71E8}
		{2FAFE8A3-3F27-42A8-8092-25955480DA71} = {02EA681E-C7D8-13C7-8484-4AC65E1B71E8}
		{4D8A7A96-0BBD-4F7D-8EE2-0AD2A9E3B27E} = {02EA681E-C7D8-13C7-8484-4AC65E1B71E8}
	EndGlobalSection
	GlobalSection(ExtensibilityGlobals) = postSolution
		SolutionGuid = {093588C5-D2DB-48B1-AEF9-C4141182B33A}
	EndGlobalSection
EndGlobal
